// !$*UTF8*$!
{
	archiveVersion = 1;
	classes = {
	};
	objectVersion = 51;
	objects = {

/* Begin PBXBuildFile section */
		268A10170EF1221DFADF233F /* Pods_HogwartsApp.framework in Frameworks */ = {isa = PBXBuildFile; fileRef = 89B82B67EB91411687EE8D06 /* Pods_HogwartsApp.framework */; };
		FF1CBEAC26669EF50077283E /* Item.swift in Sources */ = {isa = PBXBuildFile; fileRef = FF1CBEAB26669EF50077283E /* Item.swift */; };
		FF1CBEB12666A2470077283E /* HarryPotterAPI.swift in Sources */ = {isa = PBXBuildFile; fileRef = FF1CBEB02666A2470077283E /* HarryPotterAPI.swift */; };
		FF1CBEB42666A40E0077283E /* CharactersScreenViewController.swift in Sources */ = {isa = PBXBuildFile; fileRef = FF1CBEB32666A40E0077283E /* CharactersScreenViewController.swift */; };
		FF26D26326826936000F5B24 /* ColorExtension.swift in Sources */ = {isa = PBXBuildFile; fileRef = FF26D26226826936000F5B24 /* ColorExtension.swift */; };
		FF38C125269B09A2007155A9 /* StringUtils.swift in Sources */ = {isa = PBXBuildFile; fileRef = FF38C124269B09A2007155A9 /* StringUtils.swift */; };
		FF38C127269B0E9C007155A9 /* LabelExtension.swift in Sources */ = {isa = PBXBuildFile; fileRef = FF38C126269B0E9C007155A9 /* LabelExtension.swift */; };
		FF5D4AD92667F73300DE8CFD /* HousesScreenViewController.swift in Sources */ = {isa = PBXBuildFile; fileRef = FF5D4AD82667F73300DE8CFD /* HousesScreenViewController.swift */; };
		FF5D4ADC2667F80200DE8CFD /* HouseCell.swift in Sources */ = {isa = PBXBuildFile; fileRef = FF5D4ADB2667F80200DE8CFD /* HouseCell.swift */; };
		FF5D4AE02667FCA800DE8CFD /* ImageUtils.swift in Sources */ = {isa = PBXBuildFile; fileRef = FF5D4ADF2667FCA800DE8CFD /* ImageUtils.swift */; };
		FF5D4AE32668070A00DE8CFD /* House.swift in Sources */ = {isa = PBXBuildFile; fileRef = FF5D4AE22668070A00DE8CFD /* House.swift */; };
		FF64DD2F26906E62003654B7 /* CharactersCollectionViewCell.swift in Sources */ = {isa = PBXBuildFile; fileRef = FF64DD2E26906E62003654B7 /* CharactersCollectionViewCell.swift */; };
		FF696E1E2658173C00F43CD9 /* Character.swift in Sources */ = {isa = PBXBuildFile; fileRef = FF696E1D2658173C00F43CD9 /* Character.swift */; };
		FF696E272658182400F43CD9 /* Wand.swift in Sources */ = {isa = PBXBuildFile; fileRef = FF696E262658182400F43CD9 /* Wand.swift */; };
		FF6D9D6D265C23C300C79F00 /* UIFont.swift in Sources */ = {isa = PBXBuildFile; fileRef = FF6D9D6C265C23C300C79F00 /* UIFont.swift */; };
		FF79D6662699A0E50069B1B2 /* AnimatedTabBarController.swift in Sources */ = {isa = PBXBuildFile; fileRef = FF79D6652699A0E50069B1B2 /* AnimatedTabBarController.swift */; };
		FF79D6682699A1130069B1B2 /* AnimationController.swift in Sources */ = {isa = PBXBuildFile; fileRef = FF79D6672699A1130069B1B2 /* AnimationController.swift */; };
		FFAEA1EE26557EB1006BBFF4 /* AppDelegate.swift in Sources */ = {isa = PBXBuildFile; fileRef = FFAEA1ED26557EB1006BBFF4 /* AppDelegate.swift */; };
		FFAEA1F026557EB1006BBFF4 /* SceneDelegate.swift in Sources */ = {isa = PBXBuildFile; fileRef = FFAEA1EF26557EB1006BBFF4 /* SceneDelegate.swift */; };
		FFAEA1F226557EB1006BBFF4 /* HomeScreenViewController.swift in Sources */ = {isa = PBXBuildFile; fileRef = FFAEA1F126557EB1006BBFF4 /* HomeScreenViewController.swift */; };
		FFAEA1F526557EB1006BBFF4 /* Main.storyboard in Resources */ = {isa = PBXBuildFile; fileRef = FFAEA1F326557EB1006BBFF4 /* Main.storyboard */; };
		FFAEA1F726557EB2006BBFF4 /* Assets.xcassets in Resources */ = {isa = PBXBuildFile; fileRef = FFAEA1F626557EB2006BBFF4 /* Assets.xcassets */; };
		FFAEA1FA26557EB2006BBFF4 /* LaunchScreen.storyboard in Resources */ = {isa = PBXBuildFile; fileRef = FFAEA1F826557EB2006BBFF4 /* LaunchScreen.storyboard */; };
		FFAEA20B26559171006BBFF4 /* fonts in Resources */ = {isa = PBXBuildFile; fileRef = FFAEA20A26559171006BBFF4 /* fonts */; };
		FFBB0C90268883E9007C9F46 /* HouseDetailController.swift in Sources */ = {isa = PBXBuildFile; fileRef = FFBB0C8F268883E9007C9F46 /* HouseDetailController.swift */; };
		FFF9A615268E2F7500D7D503 /* CharacterCell.swift in Sources */ = {isa = PBXBuildFile; fileRef = FFF9A614268E2F7500D7D503 /* CharacterCell.swift */; };
/* End PBXBuildFile section */

/* Begin PBXFileReference section */
		89B82B67EB91411687EE8D06 /* Pods_HogwartsApp.framework */ = {isa = PBXFileReference; explicitFileType = wrapper.framework; includeInIndex = 0; path = Pods_HogwartsApp.framework; sourceTree = BUILT_PRODUCTS_DIR; };
		AA235FABDD8CE7211255DF0C /* Pods-HogwartsApp.debug.xcconfig */ = {isa = PBXFileReference; includeInIndex = 1; lastKnownFileType = text.xcconfig; name = "Pods-HogwartsApp.debug.xcconfig"; path = "Target Support Files/Pods-HogwartsApp/Pods-HogwartsApp.debug.xcconfig"; sourceTree = "<group>"; };
		D59ECAC7ADCAD172F05E4C93 /* Pods-HogwartsApp.release.xcconfig */ = {isa = PBXFileReference; includeInIndex = 1; lastKnownFileType = text.xcconfig; name = "Pods-HogwartsApp.release.xcconfig"; path = "Target Support Files/Pods-HogwartsApp/Pods-HogwartsApp.release.xcconfig"; sourceTree = "<group>"; };
		FF1CBEAB26669EF50077283E /* Item.swift */ = {isa = PBXFileReference; lastKnownFileType = sourcecode.swift; path = Item.swift; sourceTree = "<group>"; };
		FF1CBEB02666A2470077283E /* HarryPotterAPI.swift */ = {isa = PBXFileReference; lastKnownFileType = sourcecode.swift; path = HarryPotterAPI.swift; sourceTree = "<group>"; };
		FF1CBEB32666A40E0077283E /* CharactersScreenViewController.swift */ = {isa = PBXFileReference; lastKnownFileType = sourcecode.swift; path = CharactersScreenViewController.swift; sourceTree = "<group>"; };
		FF26D26226826936000F5B24 /* ColorExtension.swift */ = {isa = PBXFileReference; lastKnownFileType = sourcecode.swift; path = ColorExtension.swift; sourceTree = "<group>"; };
		FF38C124269B09A2007155A9 /* StringUtils.swift */ = {isa = PBXFileReference; lastKnownFileType = sourcecode.swift; path = StringUtils.swift; sourceTree = "<group>"; };
		FF38C126269B0E9C007155A9 /* LabelExtension.swift */ = {isa = PBXFileReference; lastKnownFileType = sourcecode.swift; path = LabelExtension.swift; sourceTree = "<group>"; };
		FF5D4AD82667F73300DE8CFD /* HousesScreenViewController.swift */ = {isa = PBXFileReference; lastKnownFileType = sourcecode.swift; path = HousesScreenViewController.swift; sourceTree = "<group>"; };
		FF5D4ADB2667F80200DE8CFD /* HouseCell.swift */ = {isa = PBXFileReference; lastKnownFileType = sourcecode.swift; path = HouseCell.swift; sourceTree = "<group>"; };
		FF5D4ADF2667FCA800DE8CFD /* ImageUtils.swift */ = {isa = PBXFileReference; lastKnownFileType = sourcecode.swift; path = ImageUtils.swift; sourceTree = "<group>"; };
		FF5D4AE22668070A00DE8CFD /* House.swift */ = {isa = PBXFileReference; lastKnownFileType = sourcecode.swift; path = House.swift; sourceTree = "<group>"; };
		FF64DD2E26906E62003654B7 /* CharactersCollectionViewCell.swift */ = {isa = PBXFileReference; lastKnownFileType = sourcecode.swift; path = CharactersCollectionViewCell.swift; sourceTree = "<group>"; };
		FF696E1D2658173C00F43CD9 /* Character.swift */ = {isa = PBXFileReference; lastKnownFileType = sourcecode.swift; path = Character.swift; sourceTree = "<group>"; };
		FF696E262658182400F43CD9 /* Wand.swift */ = {isa = PBXFileReference; lastKnownFileType = sourcecode.swift; path = Wand.swift; sourceTree = "<group>"; };
		FF6D9D6C265C23C300C79F00 /* UIFont.swift */ = {isa = PBXFileReference; lastKnownFileType = sourcecode.swift; path = UIFont.swift; sourceTree = "<group>"; };
		FF79D6652699A0E50069B1B2 /* AnimatedTabBarController.swift */ = {isa = PBXFileReference; lastKnownFileType = sourcecode.swift; path = AnimatedTabBarController.swift; sourceTree = "<group>"; };
		FF79D6672699A1130069B1B2 /* AnimationController.swift */ = {isa = PBXFileReference; lastKnownFileType = sourcecode.swift; path = AnimationController.swift; sourceTree = "<group>"; };
		FFAEA1EA26557EB1006BBFF4 /* HogwartsApp.app */ = {isa = PBXFileReference; explicitFileType = wrapper.application; includeInIndex = 0; path = HogwartsApp.app; sourceTree = BUILT_PRODUCTS_DIR; };
		FFAEA1ED26557EB1006BBFF4 /* AppDelegate.swift */ = {isa = PBXFileReference; lastKnownFileType = sourcecode.swift; path = AppDelegate.swift; sourceTree = "<group>"; };
		FFAEA1EF26557EB1006BBFF4 /* SceneDelegate.swift */ = {isa = PBXFileReference; lastKnownFileType = sourcecode.swift; path = SceneDelegate.swift; sourceTree = "<group>"; };
		FFAEA1F126557EB1006BBFF4 /* HomeScreenViewController.swift */ = {isa = PBXFileReference; lastKnownFileType = sourcecode.swift; path = HomeScreenViewController.swift; sourceTree = "<group>"; };
		FFAEA1F426557EB1006BBFF4 /* Base */ = {isa = PBXFileReference; lastKnownFileType = file.storyboard; name = Base; path = Base.lproj/Main.storyboard; sourceTree = "<group>"; };
		FFAEA1F626557EB2006BBFF4 /* Assets.xcassets */ = {isa = PBXFileReference; lastKnownFileType = folder.assetcatalog; path = Assets.xcassets; sourceTree = "<group>"; };
		FFAEA1F926557EB2006BBFF4 /* Base */ = {isa = PBXFileReference; lastKnownFileType = file.storyboard; name = Base; path = Base.lproj/LaunchScreen.storyboard; sourceTree = "<group>"; };
		FFAEA1FB26557EB2006BBFF4 /* Info.plist */ = {isa = PBXFileReference; lastKnownFileType = text.plist.xml; path = Info.plist; sourceTree = "<group>"; };
		FFAEA20A26559171006BBFF4 /* fonts */ = {isa = PBXFileReference; lastKnownFileType = folder; name = fonts; path = ../../../../Downloads/fonts; sourceTree = "<group>"; };
		FFBB0C8F268883E9007C9F46 /* HouseDetailController.swift */ = {isa = PBXFileReference; lastKnownFileType = sourcecode.swift; path = HouseDetailController.swift; sourceTree = "<group>"; };
		FFF9A614268E2F7500D7D503 /* CharacterCell.swift */ = {isa = PBXFileReference; lastKnownFileType = sourcecode.swift; path = CharacterCell.swift; sourceTree = "<group>"; };
/* End PBXFileReference section */

/* Begin PBXFrameworksBuildPhase section */
		FFAEA1E726557EB1006BBFF4 /* Frameworks */ = {
			isa = PBXFrameworksBuildPhase;
			buildActionMask = 2147483647;
			files = (
				268A10170EF1221DFADF233F /* Pods_HogwartsApp.framework in Frameworks */,
			);
			runOnlyForDeploymentPostprocessing = 0;
		};
/* End PBXFrameworksBuildPhase section */

/* Begin PBXGroup section */
		642755E357102AE4A764BB82 /* Frameworks */ = {
			isa = PBXGroup;
			children = (
				89B82B67EB91411687EE8D06 /* Pods_HogwartsApp.framework */,
			);
			name = Frameworks;
			sourceTree = "<group>";
		};
		BB9A0C839D0192AEDDFAC9FF /* Pods */ = {
			isa = PBXGroup;
			children = (
				AA235FABDD8CE7211255DF0C /* Pods-HogwartsApp.debug.xcconfig */,
				D59ECAC7ADCAD172F05E4C93 /* Pods-HogwartsApp.release.xcconfig */,
			);
			path = Pods;
			sourceTree = "<group>";
		};
		FF1CBE9D26669C3E0077283E /* Controllers */ = {
			isa = PBXGroup;
			children = (
				FFAEA1F126557EB1006BBFF4 /* HomeScreenViewController.swift */,
				FF1CBEB32666A40E0077283E /* CharactersScreenViewController.swift */,
				FF5D4AD82667F73300DE8CFD /* HousesScreenViewController.swift */,
				FFBB0C8F268883E9007C9F46 /* HouseDetailController.swift */,
				FF79D6652699A0E50069B1B2 /* AnimatedTabBarController.swift */,
				FF79D6672699A1130069B1B2 /* AnimationController.swift */,
			);
			path = Controllers;
			sourceTree = "<group>";
		};
		FF1CBE9E26669C560077283E /* Startup */ = {
			isa = PBXGroup;
			children = (
				FFAEA1ED26557EB1006BBFF4 /* AppDelegate.swift */,
			);
			path = Startup;
			sourceTree = "<group>";
		};
		FF1CBEA726669CC80077283E /* SupportingFiles */ = {
			isa = PBXGroup;
			children = (
				FFAEA1FB26557EB2006BBFF4 /* Info.plist */,
				FFAEA1F826557EB2006BBFF4 /* LaunchScreen.storyboard */,
			);
			path = SupportingFiles;
			sourceTree = "<group>";
		};
		FF1CBEAE26669F650077283E /* Api */ = {
			isa = PBXGroup;
			children = (
				FF1CBEB02666A2470077283E /* HarryPotterAPI.swift */,
			);
			path = Api;
			sourceTree = "<group>";
		};
		FF1CBEB82666A5B30077283E /* Views */ = {
			isa = PBXGroup;
			children = (
				FF5D4ADB2667F80200DE8CFD /* HouseCell.swift */,
				FFF9A614268E2F7500D7D503 /* CharacterCell.swift */,
				FF64DD2E26906E62003654B7 /* CharactersCollectionViewCell.swift */,
			);
			path = Views;
			sourceTree = "<group>";
		};
		FF5D4ADE2667FC9400DE8CFD /* Utils */ = {
			isa = PBXGroup;
			children = (
				FF5D4ADF2667FCA800DE8CFD /* ImageUtils.swift */,
				FF26D26226826936000F5B24 /* ColorExtension.swift */,
				FF38C124269B09A2007155A9 /* StringUtils.swift */,
				FF38C126269B0E9C007155A9 /* LabelExtension.swift */,
			);
			path = Utils;
			sourceTree = "<group>";
		};
		FF696E1C265816F200F43CD9 /* Model */ = {
			isa = PBXGroup;
			children = (
				FF696E1D2658173C00F43CD9 /* Character.swift */,
				FF696E262658182400F43CD9 /* Wand.swift */,
				FF1CBEAB26669EF50077283E /* Item.swift */,
				FF5D4AE22668070A00DE8CFD /* House.swift */,
			);
			path = Model;
			sourceTree = "<group>";
		};
		FFAEA1E126557EB1006BBFF4 = {
			isa = PBXGroup;
			children = (
				FFAEA1EC26557EB1006BBFF4 /* HogwartsApp */,
				FFAEA1EB26557EB1006BBFF4 /* Products */,
				BB9A0C839D0192AEDDFAC9FF /* Pods */,
				642755E357102AE4A764BB82 /* Frameworks */,
			);
			sourceTree = "<group>";
		};
		FFAEA1EB26557EB1006BBFF4 /* Products */ = {
			isa = PBXGroup;
			children = (
				FFAEA1EA26557EB1006BBFF4 /* HogwartsApp.app */,
			);
			name = Products;
			sourceTree = "<group>";
		};
		FFAEA1EC26557EB1006BBFF4 /* HogwartsApp */ = {
			isa = PBXGroup;
			children = (
				FF5D4ADE2667FC9400DE8CFD /* Utils */,
				FF1CBEB82666A5B30077283E /* Views */,
				FF1CBEAE26669F650077283E /* Api */,
				FF1CBEA726669CC80077283E /* SupportingFiles */,
				FF1CBE9E26669C560077283E /* Startup */,
				FF1CBE9D26669C3E0077283E /* Controllers */,
				FF696E1C265816F200F43CD9 /* Model */,
				FFAEA1EF26557EB1006BBFF4 /* SceneDelegate.swift */,
				FF6D9D6C265C23C300C79F00 /* UIFont.swift */,
				FFAEA1F326557EB1006BBFF4 /* Main.storyboard */,
				FFAEA1F626557EB2006BBFF4 /* Assets.xcassets */,
				FFAEA20A26559171006BBFF4 /* fonts */,
			);
			path = HogwartsApp;
			sourceTree = "<group>";
		};
/* End PBXGroup section */

/* Begin PBXNativeTarget section */
		FFAEA1E926557EB1006BBFF4 /* HogwartsApp */ = {
			isa = PBXNativeTarget;
			buildConfigurationList = FFAEA1FE26557EB2006BBFF4 /* Build configuration list for PBXNativeTarget "HogwartsApp" */;
			buildPhases = (
				90C47B138295C0248508A5EB /* [CP] Check Pods Manifest.lock */,
				FFAEA1E626557EB1006BBFF4 /* Sources */,
				FFAEA1E726557EB1006BBFF4 /* Frameworks */,
				FFAEA1E826557EB1006BBFF4 /* Resources */,
				A5D8F1C8DE54BEB9B9A62CBF /* [CP] Embed Pods Frameworks */,
			);
			buildRules = (
			);
			dependencies = (
			);
			name = HogwartsApp;
			productName = HogwartsApp;
			productReference = FFAEA1EA26557EB1006BBFF4 /* HogwartsApp.app */;
			productType = "com.apple.product-type.application";
		};
/* End PBXNativeTarget section */

/* Begin PBXProject section */
		FFAEA1E226557EB1006BBFF4 /* Project object */ = {
			isa = PBXProject;
			attributes = {
				LastSwiftUpdateCheck = 1240;
				LastUpgradeCheck = 1240;
				TargetAttributes = {
					FFAEA1E926557EB1006BBFF4 = {
						CreatedOnToolsVersion = 12.4;
					};
				};
			};
			buildConfigurationList = FFAEA1E526557EB1006BBFF4 /* Build configuration list for PBXProject "HogwartsApp" */;
			compatibilityVersion = "Xcode 9.3";
			developmentRegion = en;
			hasScannedForEncodings = 0;
			knownRegions = (
				en,
				Base,
			);
			mainGroup = FFAEA1E126557EB1006BBFF4;
			productRefGroup = FFAEA1EB26557EB1006BBFF4 /* Products */;
			projectDirPath = "";
			projectRoot = "";
			targets = (
				FFAEA1E926557EB1006BBFF4 /* HogwartsApp */,
			);
		};
/* End PBXProject section */

/* Begin PBXResourcesBuildPhase section */
		FFAEA1E826557EB1006BBFF4 /* Resources */ = {
			isa = PBXResourcesBuildPhase;
			buildActionMask = 2147483647;
			files = (
				FFAEA1FA26557EB2006BBFF4 /* LaunchScreen.storyboard in Resources */,
				FFAEA1F726557EB2006BBFF4 /* Assets.xcassets in Resources */,
				FFAEA1F526557EB1006BBFF4 /* Main.storyboard in Resources */,
				FFAEA20B26559171006BBFF4 /* fonts in Resources */,
			);
			runOnlyForDeploymentPostprocessing = 0;
		};
/* End PBXResourcesBuildPhase section */

/* Begin PBXShellScriptBuildPhase section */
		90C47B138295C0248508A5EB /* [CP] Check Pods Manifest.lock */ = {
			isa = PBXShellScriptBuildPhase;
			buildActionMask = 2147483647;
			files = (
			);
			inputFileListPaths = (
			);
			inputPaths = (
				"${PODS_PODFILE_DIR_PATH}/Podfile.lock",
				"${PODS_ROOT}/Manifest.lock",
			);
			name = "[CP] Check Pods Manifest.lock";
			outputFileListPaths = (
			);
			outputPaths = (
				"$(DERIVED_FILE_DIR)/Pods-HogwartsApp-checkManifestLockResult.txt",
			);
			runOnlyForDeploymentPostprocessing = 0;
			shellPath = /bin/sh;
			shellScript = "diff \"${PODS_PODFILE_DIR_PATH}/Podfile.lock\" \"${PODS_ROOT}/Manifest.lock\" > /dev/null\nif [ $? != 0 ] ; then\n    # print error to STDERR\n    echo \"error: The sandbox is not in sync with the Podfile.lock. Run 'pod install' or update your CocoaPods installation.\" >&2\n    exit 1\nfi\n# This output is used by Xcode 'outputs' to avoid re-running this script phase.\necho \"SUCCESS\" > \"${SCRIPT_OUTPUT_FILE_0}\"\n";
			showEnvVarsInLog = 0;
		};
		A5D8F1C8DE54BEB9B9A62CBF /* [CP] Embed Pods Frameworks */ = {
			isa = PBXShellScriptBuildPhase;
			buildActionMask = 2147483647;
			files = (
			);
			inputFileListPaths = (
				"${PODS_ROOT}/Target Support Files/Pods-HogwartsApp/Pods-HogwartsApp-frameworks-${CONFIGURATION}-input-files.xcfilelist",
			);
			name = "[CP] Embed Pods Frameworks";
			outputFileListPaths = (
				"${PODS_ROOT}/Target Support Files/Pods-HogwartsApp/Pods-HogwartsApp-frameworks-${CONFIGURATION}-output-files.xcfilelist",
			);
			runOnlyForDeploymentPostprocessing = 0;
			shellPath = /bin/sh;
			shellScript = "\"${PODS_ROOT}/Target Support Files/Pods-HogwartsApp/Pods-HogwartsApp-frameworks.sh\"\n";
			showEnvVarsInLog = 0;
		};
/* End PBXShellScriptBuildPhase section */

/* Begin PBXSourcesBuildPhase section */
		FFAEA1E626557EB1006BBFF4 /* Sources */ = {
			isa = PBXSourcesBuildPhase;
			buildActionMask = 2147483647;
			files = (
				FF38C127269B0E9C007155A9 /* LabelExtension.swift in Sources */,
				FF1CBEAC26669EF50077283E /* Item.swift in Sources */,
				FFAEA1F226557EB1006BBFF4 /* HomeScreenViewController.swift in Sources */,
				FF5D4ADC2667F80200DE8CFD /* HouseCell.swift in Sources */,
				FF79D6682699A1130069B1B2 /* AnimationController.swift in Sources */,
				FF1CBEB42666A40E0077283E /* CharactersScreenViewController.swift in Sources */,
				FF64DD2F26906E62003654B7 /* CharactersCollectionViewCell.swift in Sources */,
				FFAEA1EE26557EB1006BBFF4 /* AppDelegate.swift in Sources */,
				FF26D26326826936000F5B24 /* ColorExtension.swift in Sources */,
				FF5D4AD92667F73300DE8CFD /* HousesScreenViewController.swift in Sources */,
				FF79D6662699A0E50069B1B2 /* AnimatedTabBarController.swift in Sources */,
				FF6D9D6D265C23C300C79F00 /* UIFont.swift in Sources */,
				FF5D4AE02667FCA800DE8CFD /* ImageUtils.swift in Sources */,
				FF5D4AE32668070A00DE8CFD /* House.swift in Sources */,
				FF696E272658182400F43CD9 /* Wand.swift in Sources */,
				FF1CBEB12666A2470077283E /* HarryPotterAPI.swift in Sources */,
				FFF9A615268E2F7500D7D503 /* CharacterCell.swift in Sources */,
				FF38C125269B09A2007155A9 /* StringUtils.swift in Sources */,
				FFBB0C90268883E9007C9F46 /* HouseDetailController.swift in Sources */,
				FFAEA1F026557EB1006BBFF4 /* SceneDelegate.swift in Sources */,
				FF696E1E2658173C00F43CD9 /* Character.swift in Sources */,
			);
			runOnlyForDeploymentPostprocessing = 0;
		};
/* End PBXSourcesBuildPhase section */

/* Begin PBXVariantGroup section */
		FFAEA1F326557EB1006BBFF4 /* Main.storyboard */ = {
			isa = PBXVariantGroup;
			children = (
				FFAEA1F426557EB1006BBFF4 /* Base */,
			);
			name = Main.storyboard;
			sourceTree = "<group>";
		};
		FFAEA1F826557EB2006BBFF4 /* LaunchScreen.storyboard */ = {
			isa = PBXVariantGroup;
			children = (
				FFAEA1F926557EB2006BBFF4 /* Base */,
			);
			name = LaunchScreen.storyboard;
			sourceTree = "<group>";
		};
/* End PBXVariantGroup section */

/* Begin XCBuildConfiguration section */
		FFAEA1FC26557EB2006BBFF4 /* Debug */ = {
			isa = XCBuildConfiguration;
			buildSettings = {
				ALWAYS_SEARCH_USER_PATHS = NO;
				CLANG_ANALYZER_NONNULL = YES;
				CLANG_ANALYZER_NUMBER_OBJECT_CONVERSION = YES_AGGRESSIVE;
				CLANG_CXX_LANGUAGE_STANDARD = "gnu++14";
				CLANG_CXX_LIBRARY = "libc++";
				CLANG_ENABLE_MODULES = YES;
				CLANG_ENABLE_OBJC_ARC = YES;
				CLANG_ENABLE_OBJC_WEAK = YES;
				CLANG_WARN_BLOCK_CAPTURE_AUTORELEASING = YES;
				CLANG_WARN_BOOL_CONVERSION = YES;
				CLANG_WARN_COMMA = YES;
				CLANG_WARN_CONSTANT_CONVERSION = YES;
				CLANG_WARN_DEPRECATED_OBJC_IMPLEMENTATIONS = YES;
				CLANG_WARN_DIRECT_OBJC_ISA_USAGE = YES_ERROR;
				CLANG_WARN_DOCUMENTATION_COMMENTS = YES;
				CLANG_WARN_EMPTY_BODY = YES;
				CLANG_WARN_ENUM_CONVERSION = YES;
				CLANG_WARN_INFINITE_RECURSION = YES;
				CLANG_WARN_INT_CONVERSION = YES;
				CLANG_WARN_NON_LITERAL_NULL_CONVERSION = YES;
				CLANG_WARN_OBJC_IMPLICIT_RETAIN_SELF = YES;
				CLANG_WARN_OBJC_LITERAL_CONVERSION = YES;
				CLANG_WARN_OBJC_ROOT_CLASS = YES_ERROR;
				CLANG_WARN_QUOTED_INCLUDE_IN_FRAMEWORK_HEADER = YES;
				CLANG_WARN_RANGE_LOOP_ANALYSIS = YES;
				CLANG_WARN_STRICT_PROTOTYPES = YES;
				CLANG_WARN_SUSPICIOUS_MOVE = YES;
				CLANG_WARN_UNGUARDED_AVAILABILITY = YES_AGGRESSIVE;
				CLANG_WARN_UNREACHABLE_CODE = YES;
				CLANG_WARN__DUPLICATE_METHOD_MATCH = YES;
				COPY_PHASE_STRIP = NO;
				DEBUG_INFORMATION_FORMAT = dwarf;
				ENABLE_STRICT_OBJC_MSGSEND = YES;
				ENABLE_TESTABILITY = YES;
				GCC_C_LANGUAGE_STANDARD = gnu11;
				GCC_DYNAMIC_NO_PIC = NO;
				GCC_NO_COMMON_BLOCKS = YES;
				GCC_OPTIMIZATION_LEVEL = 0;
				GCC_PREPROCESSOR_DEFINITIONS = (
					"DEBUG=1",
					"$(inherited)",
				);
				GCC_WARN_64_TO_32_BIT_CONVERSION = YES;
				GCC_WARN_ABOUT_RETURN_TYPE = YES_ERROR;
				GCC_WARN_UNDECLARED_SELECTOR = YES;
				GCC_WARN_UNINITIALIZED_AUTOS = YES_AGGRESSIVE;
				GCC_WARN_UNUSED_FUNCTION = YES;
				GCC_WARN_UNUSED_VARIABLE = YES;
				IPHONEOS_DEPLOYMENT_TARGET = 14.4;
				MTL_ENABLE_DEBUG_INFO = INCLUDE_SOURCE;
				MTL_FAST_MATH = YES;
				ONLY_ACTIVE_ARCH = YES;
				SDKROOT = iphoneos;
				SWIFT_ACTIVE_COMPILATION_CONDITIONS = DEBUG;
				SWIFT_OPTIMIZATION_LEVEL = "-Onone";
			};
			name = Debug;
		};
		FFAEA1FD26557EB2006BBFF4 /* Release */ = {
			isa = XCBuildConfiguration;
			buildSettings = {
				ALWAYS_SEARCH_USER_PATHS = NO;
				CLANG_ANALYZER_NONNULL = YES;
				CLANG_ANALYZER_NUMBER_OBJECT_CONVERSION = YES_AGGRESSIVE;
				CLANG_CXX_LANGUAGE_STANDARD = "gnu++14";
				CLANG_CXX_LIBRARY = "libc++";
				CLANG_ENABLE_MODULES = YES;
				CLANG_ENABLE_OBJC_ARC = YES;
				CLANG_ENABLE_OBJC_WEAK = YES;
				CLANG_WARN_BLOCK_CAPTURE_AUTORELEASING = YES;
				CLANG_WARN_BOOL_CONVERSION = YES;
				CLANG_WARN_COMMA = YES;
				CLANG_WARN_CONSTANT_CONVERSION = YES;
				CLANG_WARN_DEPRECATED_OBJC_IMPLEMENTATIONS = YES;
				CLANG_WARN_DIRECT_OBJC_ISA_USAGE = YES_ERROR;
				CLANG_WARN_DOCUMENTATION_COMMENTS = YES;
				CLANG_WARN_EMPTY_BODY = YES;
				CLANG_WARN_ENUM_CONVERSION = YES;
				CLANG_WARN_INFINITE_RECURSION = YES;
				CLANG_WARN_INT_CONVERSION = YES;
				CLANG_WARN_NON_LITERAL_NULL_CONVERSION = YES;
				CLANG_WARN_OBJC_IMPLICIT_RETAIN_SELF = YES;
				CLANG_WARN_OBJC_LITERAL_CONVERSION = YES;
				CLANG_WARN_OBJC_ROOT_CLASS = YES_ERROR;
				CLANG_WARN_QUOTED_INCLUDE_IN_FRAMEWORK_HEADER = YES;
				CLANG_WARN_RANGE_LOOP_ANALYSIS = YES;
				CLANG_WARN_STRICT_PROTOTYPES = YES;
				CLANG_WARN_SUSPICIOUS_MOVE = YES;
				CLANG_WARN_UNGUARDED_AVAILABILITY = YES_AGGRESSIVE;
				CLANG_WARN_UNREACHABLE_CODE = YES;
				CLANG_WARN__DUPLICATE_METHOD_MATCH = YES;
				COPY_PHASE_STRIP = NO;
				DEBUG_INFORMATION_FORMAT = "dwarf-with-dsym";
				ENABLE_NS_ASSERTIONS = NO;
				ENABLE_STRICT_OBJC_MSGSEND = YES;
				GCC_C_LANGUAGE_STANDARD = gnu11;
				GCC_NO_COMMON_BLOCKS = YES;
				GCC_WARN_64_TO_32_BIT_CONVERSION = YES;
				GCC_WARN_ABOUT_RETURN_TYPE = YES_ERROR;
				GCC_WARN_UNDECLARED_SELECTOR = YES;
				GCC_WARN_UNINITIALIZED_AUTOS = YES_AGGRESSIVE;
				GCC_WARN_UNUSED_FUNCTION = YES;
				GCC_WARN_UNUSED_VARIABLE = YES;
				IPHONEOS_DEPLOYMENT_TARGET = 14.4;
				MTL_ENABLE_DEBUG_INFO = NO;
				MTL_FAST_MATH = YES;
				SDKROOT = iphoneos;
				SWIFT_COMPILATION_MODE = wholemodule;
				SWIFT_OPTIMIZATION_LEVEL = "-O";
				VALIDATE_PRODUCT = YES;
			};
			name = Release;
		};
		FFAEA1FF26557EB2006BBFF4 /* Debug */ = {
			isa = XCBuildConfiguration;
			baseConfigurationReference = AA235FABDD8CE7211255DF0C /* Pods-HogwartsApp.debug.xcconfig */;
			buildSettings = {
				ASSETCATALOG_COMPILER_APPICON_NAME = AppIcon;
				ASSETCATALOG_COMPILER_GLOBAL_ACCENT_COLOR_NAME = AccentColor;
				CODE_SIGN_STYLE = Automatic;
				DEVELOPMENT_TEAM = 8YHHL539YA;
				INFOPLIST_FILE = HogwartsApp/SupportingFiles/Info.plist;
				LD_RUNPATH_SEARCH_PATHS = (
					"$(inherited)",
					"@executable_path/Frameworks",
				);
				PRODUCT_BUNDLE_IDENTIFIER = "com.Peter-Pin.HogwartsApp";
				PRODUCT_NAME = "$(TARGET_NAME)";
				SWIFT_VERSION = 5.0;
				TARGETED_DEVICE_FAMILY = "1,2";
			};
			name = Debug;
		};
		FFAEA20026557EB2006BBFF4 /* Release */ = {
			isa = XCBuildConfiguration;
			baseConfigurationReference = D59ECAC7ADCAD172F05E4C93 /* Pods-HogwartsApp.release.xcconfig */;
			buildSettings = {
				ASSETCATALOG_COMPILER_APPICON_NAME = AppIcon;
				ASSETCATALOG_COMPILER_GLOBAL_ACCENT_COLOR_NAME = AccentColor;
				CODE_SIGN_STYLE = Automatic;
				DEVELOPMENT_TEAM = 8YHHL539YA;
				INFOPLIST_FILE = HogwartsApp/SupportingFiles/Info.plist;
				LD_RUNPATH_SEARCH_PATHS = (
					"$(inherited)",
					"@executable_path/Frameworks",
				);
				PRODUCT_BUNDLE_IDENTIFIER = "com.Peter-Pin.HogwartsApp";
				PRODUCT_NAME = "$(TARGET_NAME)";
				SWIFT_VERSION = 5.0;
				TARGETED_DEVICE_FAMILY = "1,2";
			};
			name = Release;
		};
/* End XCBuildConfiguration section */

/* Begin XCConfigurationList section */
		FFAEA1E526557EB1006BBFF4 /* Build configuration list for PBXProject "HogwartsApp" */ = {
			isa = XCConfigurationList;
			buildConfigurations = (
				FFAEA1FC26557EB2006BBFF4 /* Debug */,
				FFAEA1FD26557EB2006BBFF4 /* Release */,
			);
			defaultConfigurationIsVisible = 0;
			defaultConfigurationName = Release;
		};
		FFAEA1FE26557EB2006BBFF4 /* Build configuration list for PBXNativeTarget "HogwartsApp" */ = {
			isa = XCConfigurationList;
			buildConfigurations = (
				FFAEA1FF26557EB2006BBFF4 /* Debug */,
				FFAEA20026557EB2006BBFF4 /* Release */,
			);
			defaultConfigurationIsVisible = 0;
			defaultConfigurationName = Release;
		};
/* End XCConfigurationList section */
	};
	rootObject = FFAEA1E226557EB1006BBFF4 /* Project object */;
}
